
Microsoft Visual Studio Solution File, Format Version 12.00
# Visual Studio Version 16
VisualStudioVersion = 16.0.31205.134
MinimumVisualStudioVersion = 10.0.40219.1
Project("{9A19103F-16F7-4668-BE54-9A1E7A4F7556}") = "Brilliancy.Soccer.WebApi", "Brilliancy.Soccer.WebApi\Brilliancy.Soccer.WebApi.csproj", "{0D958438-0E48-4CFB-B70D-417CF7AF8A85}"
EndProject
Project("{9A19103F-16F7-4668-BE54-9A1E7A4F7556}") = "Brilliancy.Soccer.Core", "Brilliancy.Soccer.Core\Brilliancy.Soccer.Core.csproj", "{07F9B892-45E1-4148-A0FA-B6F967CC8C07}"
EndProject
Project("{9A19103F-16F7-4668-BE54-9A1E7A4F7556}") = "Brilliancy.Soccer.Common", "Brilliancy.Soccer.Common\Brilliancy.Soccer.Common.csproj", "{25CD2229-2215-45BF-972F-1022182C1F91}"
EndProject
Project("{9A19103F-16F7-4668-BE54-9A1E7A4F7556}") = "Brilliancy.Soccer.DbAccess", "Brilliancy.Soccer.DbAccess\Brilliancy.Soccer.DbAccess.csproj", "{6B18EEF7-BFCD-4994-96A7-B8AFAF0FA997}"
EndProject
Project("{9A19103F-16F7-4668-BE54-9A1E7A4F7556}") = "Brilliancy.Soccer.DbModels", "Brilliancy.Soccer.DbModels\Brilliancy.Soccer.DbModels.csproj", "{2C8E2C4C-8225-4EFE-94C0-AA7B21AD4EC7}"
EndProject
Global
	GlobalSection(SolutionConfigurationPlatforms) = preSolution
		Debug|Any CPU = Debug|Any CPU
		Release|Any CPU = Release|Any CPU
	EndGlobalSection
	GlobalSection(ProjectConfigurationPlatforms) = postSolution
		{0D958438-0E48-4CFB-B70D-417CF7AF8A85}.Debug|Any CPU.ActiveCfg = Debug|Any CPU
		{0D958438-0E48-4CFB-B70D-417CF7AF8A85}.Debug|Any CPU.Build.0 = Debug|Any CPU
		{0D958438-0E48-4CFB-B70D-417CF7AF8A85}.Release|Any CPU.ActiveCfg = Release|Any CPU
		{0D958438-0E48-4CFB-B70D-417CF7AF8A85}.Release|Any CPU.Build.0 = Release|Any CPU
		{07F9B892-45E1-4148-A0FA-B6F967CC8C07}.Debug|Any CPU.ActiveCfg = Debug|Any CPU
		{07F9B892-45E1-4148-A0FA-B6F967CC8C07}.Debug|Any CPU.Build.0 = Debug|Any CPU
		{07F9B892-45E1-4148-A0FA-B6F967CC8C07}.Release|Any CPU.ActiveCfg = Release|Any CPU
		{07F9B892-45E1-4148-A0FA-B6F967CC8C07}.Release|Any CPU.Build.0 = Release|Any CPU
		{25CD2229-2215-45BF-972F-1022182C1F91}.Debug|Any CPU.ActiveCfg = Debug|Any CPU
		{25CD2229-2215-45BF-972F-1022182C1F91}.Debug|Any CPU.Build.0 = Debug|Any CPU
		{25CD2229-2215-45BF-972F-1022182C1F91}.Release|Any CPU.ActiveCfg = Release|Any CPU
		{25CD2229-2215-45BF-972F-1022182C1F91}.Release|Any CPU.Build.0 = Release|Any CPU
		{6B18EEF7-BFCD-4994-96A7-B8AFAF0FA997}.Debug|Any CPU.ActiveCfg = Debug|Any CPU
		{6B18EEF7-BFCD-4994-96A7-B8AFAF0FA997}.Debug|Any CPU.Build.0 = Debug|Any CPU
		{6B18EEF7-BFCD-4994-96A7-B8AFAF0FA997}.Release|Any CPU.ActiveCfg = Release|Any CPU
		{6B18EEF7-BFCD-4994-96A7-B8AFAF0FA997}.Release|Any CPU.Build.0 = Release|Any CPU
		{2C8E2C4C-8225-4EFE-94C0-AA7B21AD4EC7}.Debug|Any CPU.ActiveCfg = Debug|Any CPU
		{2C8E2C4C-8225-4EFE-94C0-AA7B21AD4EC7}.Debug|Any CPU.Build.0 = Debug|Any CPU
		{2C8E2C4C-8225-4EFE-94C0-AA7B21AD4EC7}.Release|Any CPU.ActiveCfg = Release|Any CPU
		{2C8E2C4C-8225-4EFE-94C0-AA7B21AD4EC7}.Release|Any CPU.Build.0 = Release|Any CPU
	EndGlobalSection
	GlobalSection(SolutionProperties) = preSolution
		HideSolutionNode = FALSE
	EndGlobalSection
	GlobalSection(ExtensibilityGlobals) = postSolution
		SolutionGuid = {33FF3AD7-7E76-4F9B-A34E-6A29B77FE996}
	EndGlobalSection
EndGlobal
